<?xml version="1.0" encoding="utf-8"?>
<Project ToolsVersion="17.0" xmlns="http://schemas.microsoft.com/developer/msbuild/2003">
  <ItemGroup>
    <ClCompile Include="C:\MINE\PROJECTS\cppsandbox\root\code\local\tests\consumer_producer\source\consumer_producer.cpp">
      <Filter>source</Filter>
    </ClCompile>
    <ClCompile Include="C:\MINE\PROJECTS\cppsandbox\root\code\local\tests\consumer_producer\source\message_bus.cpp">
      <Filter>source</Filter>
    </ClCompile>
    <ClCompile Include="C:\MINE\PROJECTS\cppsandbox\root\code\local\tests\consumer_producer\source\test_consumer_producer.cpp">
      <Filter>source</Filter>
    </ClCompile>
  </ItemGroup>
  <ItemGroup>
    <ClInclude Include="C:\MINE\PROJECTS\cppsandbox\root\code\local\tests\consumer_producer\include\message.h">
      <Filter>include</Filter>
    </ClInclude>
    <ClInclude Include="C:\MINE\PROJECTS\cppsandbox\root\code\local\tests\consumer_producer\include\message_bus.h">
      <Filter>include</Filter>
    </ClInclude>
    <ClInclude Include="C:\MINE\PROJECTS\cppsandbox\root\code\local\tests\consumer_producer\include\message_queue.h">
      <Filter>include</Filter>
    </ClInclude>
    <ClInclude Include="C:\MINE\PROJECTS\cppsandbox\root\code\local\tests\consumer_producer\include\test_consumer_producer.h">
      <Filter>include</Filter>
    </ClInclude>
  </ItemGroup>
  <ItemGroup>
    <CustomBuild Include="C:\MINE\PROJECTS\cppsandbox\root\code\local\tests\CMakeLists.txt" />
  </ItemGroup>
  <ItemGroup>
    <Filter Include="include">
      <UniqueIdentifier>{E39E5F74-8EA2-3582-89CE-B8916929C7CE}</UniqueIdentifier>
    </Filter>
    <Filter Include="source">
      <UniqueIdentifier>{0918B0DB-E755-3108-96C9-2E8797204B2D}</UniqueIdentifier>
    </Filter>
  </ItemGroup>
</Project>
