<?xml version="1.0" encoding="utf-8"?>
<Project ToolsVersion="17.0" xmlns="http://schemas.microsoft.com/developer/msbuild/2003">
  <ItemGroup>
    <CustomBuild Include="C:\MINE\PROJECTS\cppsandbox\root\code\local\tests\CMakeLists.txt" />
  </ItemGroup>
  <ItemGroup>
    <Object Include="C:\MINE\PROJECTS\cppsandbox\root\project\code\local\tests\consumer_producer.dir\$(Configuration)\consumer_producer.obj">
      <Filter>Object Libraries</Filter>
    </Object>
    <Object Include="C:\MINE\PROJECTS\cppsandbox\root\project\code\local\tests\consumer_producer.dir\$(Configuration)\message_bus.obj">
      <Filter>Object Libraries</Filter>
    </Object>
    <Object Include="C:\MINE\PROJECTS\cppsandbox\root\project\code\local\tests\consumer_producer.dir\$(Configuration)\test_consumer_producer.obj">
      <Filter>Object Libraries</Filter>
    </Object>
    <Object Include="C:\MINE\PROJECTS\cppsandbox\root\project\code\local\tests\product_except_self.dir\$(Configuration)\test_product.obj">
      <Filter>Object Libraries</Filter>
    </Object>
  </ItemGroup>
  <ItemGroup>
    <Filter Include="Object Libraries">
      <UniqueIdentifier>{973D5D64-B287-3313-A968-495B47B98304}</UniqueIdentifier>
    </Filter>
  </ItemGroup>
</Project>
