
Microsoft Visual Studio Solution File, Format Version 12.00
# Visual Studio Version 17
Project("{8BC9CEB8-8B4A-11D0-8D11-00A0C91BC942}") = "ALL_BUILD", "ALL_BUILD.vcxproj", "{B053DB53-6DF4-3291-868D-5B75EED9FA5A}"
	ProjectSection(ProjectDependencies) = postProject
		{A2059288-82B0-3547-80DA-C280221EC042} = {A2059288-82B0-3547-80DA-C280221EC042}
		{C4525683-AD0C-31B7-8EF4-BEFAA5762EA0} = {C4525683-AD0C-31B7-8EF4-BEFAA5762EA0}
		{B65097F4-0E41-3484-8F42-EB1133B0B5A5} = {B65097F4-0E41-3484-8F42-EB1133B0B5A5}
		{C5BA3D95-D7F8-35B9-A0F1-8831F3262DD3} = {C5BA3D95-D7F8-35B9-A0F1-8831F3262DD3}
	EndProjectSection
EndProject
Project("{8BC9CEB8-8B4A-11D0-8D11-00A0C91BC942}") = "ZERO_CHECK", "ZERO_CHECK.vcxproj", "{A2059288-82B0-3547-80DA-C280221EC042}"
	ProjectSection(ProjectDependencies) = postProject
	EndProjectSection
EndProject
Project("{8BC9CEB8-8B4A-11D0-8D11-00A0C91BC942}") = "consumer_producer", "code\tests\consumer_producer.vcxproj", "{C4525683-AD0C-31B7-8EF4-BEFAA5762EA0}"
	ProjectSection(ProjectDependencies) = postProject
		{A2059288-82B0-3547-80DA-C280221EC042} = {A2059288-82B0-3547-80DA-C280221EC042}
		{C5BA3D95-D7F8-35B9-A0F1-8831F3262DD3} = {C5BA3D95-D7F8-35B9-A0F1-8831F3262DD3}
	EndProjectSection
EndProject
Project("{8BC9CEB8-8B4A-11D0-8D11-00A0C91BC942}") = "product_except_self", "code\tests\product_except_self.vcxproj", "{B65097F4-0E41-3484-8F42-EB1133B0B5A5}"
	ProjectSection(ProjectDependencies) = postProject
		{A2059288-82B0-3547-80DA-C280221EC042} = {A2059288-82B0-3547-80DA-C280221EC042}
		{C5BA3D95-D7F8-35B9-A0F1-8831F3262DD3} = {C5BA3D95-D7F8-35B9-A0F1-8831F3262DD3}
	EndProjectSection
EndProject
Project("{8BC9CEB8-8B4A-11D0-8D11-00A0C91BC942}") = "shared", "code\shared\shared.vcxproj", "{C5BA3D95-D7F8-35B9-A0F1-8831F3262DD3}"
	ProjectSection(ProjectDependencies) = postProject
		{A2059288-82B0-3547-80DA-C280221EC042} = {A2059288-82B0-3547-80DA-C280221EC042}
	EndProjectSection
EndProject
Global
	GlobalSection(SolutionConfigurationPlatforms) = preSolution
		Debug|x64 = Debug|x64
		Release|x64 = Release|x64
		MinSizeRel|x64 = MinSizeRel|x64
		RelWithDebInfo|x64 = RelWithDebInfo|x64
	EndGlobalSection
	GlobalSection(ProjectConfigurationPlatforms) = postSolution
		{B053DB53-6DF4-3291-868D-5B75EED9FA5A}.Debug|x64.ActiveCfg = Debug|x64
		{B053DB53-6DF4-3291-868D-5B75EED9FA5A}.Release|x64.ActiveCfg = Release|x64
		{B053DB53-6DF4-3291-868D-5B75EED9FA5A}.MinSizeRel|x64.ActiveCfg = MinSizeRel|x64
		{B053DB53-6DF4-3291-868D-5B75EED9FA5A}.RelWithDebInfo|x64.ActiveCfg = RelWithDebInfo|x64
		{A2059288-82B0-3547-80DA-C280221EC042}.Debug|x64.ActiveCfg = Debug|x64
		{A2059288-82B0-3547-80DA-C280221EC042}.Debug|x64.Build.0 = Debug|x64
		{A2059288-82B0-3547-80DA-C280221EC042}.Release|x64.ActiveCfg = Release|x64
		{A2059288-82B0-3547-80DA-C280221EC042}.Release|x64.Build.0 = Release|x64
		{A2059288-82B0-3547-80DA-C280221EC042}.MinSizeRel|x64.ActiveCfg = MinSizeRel|x64
		{A2059288-82B0-3547-80DA-C280221EC042}.MinSizeRel|x64.Build.0 = MinSizeRel|x64
		{A2059288-82B0-3547-80DA-C280221EC042}.RelWithDebInfo|x64.ActiveCfg = RelWithDebInfo|x64
		{A2059288-82B0-3547-80DA-C280221EC042}.RelWithDebInfo|x64.Build.0 = RelWithDebInfo|x64
		{C4525683-AD0C-31B7-8EF4-BEFAA5762EA0}.Debug|x64.ActiveCfg = Debug|x64
		{C4525683-AD0C-31B7-8EF4-BEFAA5762EA0}.Debug|x64.Build.0 = Debug|x64
		{C4525683-AD0C-31B7-8EF4-BEFAA5762EA0}.Release|x64.ActiveCfg = Release|x64
		{C4525683-AD0C-31B7-8EF4-BEFAA5762EA0}.Release|x64.Build.0 = Release|x64
		{C4525683-AD0C-31B7-8EF4-BEFAA5762EA0}.MinSizeRel|x64.ActiveCfg = MinSizeRel|x64
		{C4525683-AD0C-31B7-8EF4-BEFAA5762EA0}.MinSizeRel|x64.Build.0 = MinSizeRel|x64
		{C4525683-AD0C-31B7-8EF4-BEFAA5762EA0}.RelWithDebInfo|x64.ActiveCfg = RelWithDebInfo|x64
		{C4525683-AD0C-31B7-8EF4-BEFAA5762EA0}.RelWithDebInfo|x64.Build.0 = RelWithDebInfo|x64
		{B65097F4-0E41-3484-8F42-EB1133B0B5A5}.Debug|x64.ActiveCfg = Debug|x64
		{B65097F4-0E41-3484-8F42-EB1133B0B5A5}.Debug|x64.Build.0 = Debug|x64
		{B65097F4-0E41-3484-8F42-EB1133B0B5A5}.Release|x64.ActiveCfg = Release|x64
		{B65097F4-0E41-3484-8F42-EB1133B0B5A5}.Release|x64.Build.0 = Release|x64
		{B65097F4-0E41-3484-8F42-EB1133B0B5A5}.MinSizeRel|x64.ActiveCfg = MinSizeRel|x64
		{B65097F4-0E41-3484-8F42-EB1133B0B5A5}.MinSizeRel|x64.Build.0 = MinSizeRel|x64
		{B65097F4-0E41-3484-8F42-EB1133B0B5A5}.RelWithDebInfo|x64.ActiveCfg = RelWithDebInfo|x64
		{B65097F4-0E41-3484-8F42-EB1133B0B5A5}.RelWithDebInfo|x64.Build.0 = RelWithDebInfo|x64
		{C5BA3D95-D7F8-35B9-A0F1-8831F3262DD3}.Debug|x64.ActiveCfg = Debug|x64
		{C5BA3D95-D7F8-35B9-A0F1-8831F3262DD3}.Debug|x64.Build.0 = Debug|x64
		{C5BA3D95-D7F8-35B9-A0F1-8831F3262DD3}.Release|x64.ActiveCfg = Release|x64
		{C5BA3D95-D7F8-35B9-A0F1-8831F3262DD3}.Release|x64.Build.0 = Release|x64
		{C5BA3D95-D7F8-35B9-A0F1-8831F3262DD3}.MinSizeRel|x64.ActiveCfg = MinSizeRel|x64
		{C5BA3D95-D7F8-35B9-A0F1-8831F3262DD3}.MinSizeRel|x64.Build.0 = MinSizeRel|x64
		{C5BA3D95-D7F8-35B9-A0F1-8831F3262DD3}.RelWithDebInfo|x64.ActiveCfg = RelWithDebInfo|x64
		{C5BA3D95-D7F8-35B9-A0F1-8831F3262DD3}.RelWithDebInfo|x64.Build.0 = RelWithDebInfo|x64
	EndGlobalSection
	GlobalSection(ExtensibilityGlobals) = postSolution
		SolutionGuid = {3901EE34-BE45-3056-A5F6-47324027DBC6}
	EndGlobalSection
	GlobalSection(ExtensibilityAddIns) = postSolution
	EndGlobalSection
EndGlobal
