
Microsoft Visual Studio Solution File, Format Version 12.00
# Visual Studio Version 17
Project("{8BC9CEB8-8B4A-11D0-8D11-00A0C91BC942}") = "ALL_BUILD", "ALL_BUILD.vcxproj", "{B053DB53-6DF4-3291-868D-5B75EED9FA5A}"
	ProjectSection(ProjectDependencies) = postProject
		{A2059288-82B0-3547-80DA-C280221EC042} = {A2059288-82B0-3547-80DA-C280221EC042}
		{C5BA3D95-D7F8-35B9-A0F1-8831F3262DD3} = {C5BA3D95-D7F8-35B9-A0F1-8831F3262DD3}
		{94D408F4-C26B-3C55-B3FC-3DD16768129F} = {94D408F4-C26B-3C55-B3FC-3DD16768129F}
		{8AD6BB7D-7BB0-3F12-B7C7-DE229E53DBDB} = {8AD6BB7D-7BB0-3F12-B7C7-DE229E53DBDB}
		{FF57D17D-460B-3776-91DC-E8EBC3AF9755} = {FF57D17D-460B-3776-91DC-E8EBC3AF9755}
		{3B2CC831-31B7-3A4E-AFBC-B9315F476CC4} = {3B2CC831-31B7-3A4E-AFBC-B9315F476CC4}
		{06481B25-9F53-38A5-8DE0-6DB02973A2EB} = {06481B25-9F53-38A5-8DE0-6DB02973A2EB}
	EndProjectSection
EndProject
Project("{8BC9CEB8-8B4A-11D0-8D11-00A0C91BC942}") = "ZERO_CHECK", "ZERO_CHECK.vcxproj", "{A2059288-82B0-3547-80DA-C280221EC042}"
	ProjectSection(ProjectDependencies) = postProject
	EndProjectSection
EndProject
Project("{8BC9CEB8-8B4A-11D0-8D11-00A0C91BC942}") = "shared", "code\shared\shared.vcxproj", "{C5BA3D95-D7F8-35B9-A0F1-8831F3262DD3}"
	ProjectSection(ProjectDependencies) = postProject
		{A2059288-82B0-3547-80DA-C280221EC042} = {A2059288-82B0-3547-80DA-C280221EC042}
	EndProjectSection
EndProject
Project("{8BC9CEB8-8B4A-11D0-8D11-00A0C91BC942}") = "test_consumer_producer", "code\tests\test_consumer_producer.vcxproj", "{94D408F4-C26B-3C55-B3FC-3DD16768129F}"
	ProjectSection(ProjectDependencies) = postProject
		{A2059288-82B0-3547-80DA-C280221EC042} = {A2059288-82B0-3547-80DA-C280221EC042}
		{C5BA3D95-D7F8-35B9-A0F1-8831F3262DD3} = {C5BA3D95-D7F8-35B9-A0F1-8831F3262DD3}
	EndProjectSection
EndProject
Project("{8BC9CEB8-8B4A-11D0-8D11-00A0C91BC942}") = "test_custom_matrix", "code\tests\test_custom_matrix.vcxproj", "{8AD6BB7D-7BB0-3F12-B7C7-DE229E53DBDB}"
	ProjectSection(ProjectDependencies) = postProject
		{A2059288-82B0-3547-80DA-C280221EC042} = {A2059288-82B0-3547-80DA-C280221EC042}
		{C5BA3D95-D7F8-35B9-A0F1-8831F3262DD3} = {C5BA3D95-D7F8-35B9-A0F1-8831F3262DD3}
	EndProjectSection
EndProject
Project("{8BC9CEB8-8B4A-11D0-8D11-00A0C91BC942}") = "test_design_patterns", "code\tests\test_design_patterns.vcxproj", "{FF57D17D-460B-3776-91DC-E8EBC3AF9755}"
	ProjectSection(ProjectDependencies) = postProject
		{A2059288-82B0-3547-80DA-C280221EC042} = {A2059288-82B0-3547-80DA-C280221EC042}
		{C5BA3D95-D7F8-35B9-A0F1-8831F3262DD3} = {C5BA3D95-D7F8-35B9-A0F1-8831F3262DD3}
	EndProjectSection
EndProject
Project("{8BC9CEB8-8B4A-11D0-8D11-00A0C91BC942}") = "test_observer_n_to_n", "code\tests\test_observer_n_to_n.vcxproj", "{3B2CC831-31B7-3A4E-AFBC-B9315F476CC4}"
	ProjectSection(ProjectDependencies) = postProject
		{A2059288-82B0-3547-80DA-C280221EC042} = {A2059288-82B0-3547-80DA-C280221EC042}
		{C5BA3D95-D7F8-35B9-A0F1-8831F3262DD3} = {C5BA3D95-D7F8-35B9-A0F1-8831F3262DD3}
	EndProjectSection
EndProject
Project("{8BC9CEB8-8B4A-11D0-8D11-00A0C91BC942}") = "test_product_except_self", "code\tests\test_product_except_self.vcxproj", "{06481B25-9F53-38A5-8DE0-6DB02973A2EB}"
	ProjectSection(ProjectDependencies) = postProject
		{A2059288-82B0-3547-80DA-C280221EC042} = {A2059288-82B0-3547-80DA-C280221EC042}
		{C5BA3D95-D7F8-35B9-A0F1-8831F3262DD3} = {C5BA3D95-D7F8-35B9-A0F1-8831F3262DD3}
	EndProjectSection
EndProject
Global
	GlobalSection(SolutionConfigurationPlatforms) = preSolution
		Debug|x64 = Debug|x64
		Release|x64 = Release|x64
		MinSizeRel|x64 = MinSizeRel|x64
		RelWithDebInfo|x64 = RelWithDebInfo|x64
	EndGlobalSection
	GlobalSection(ProjectConfigurationPlatforms) = postSolution
		{B053DB53-6DF4-3291-868D-5B75EED9FA5A}.Debug|x64.ActiveCfg = Debug|x64
		{B053DB53-6DF4-3291-868D-5B75EED9FA5A}.Release|x64.ActiveCfg = Release|x64
		{B053DB53-6DF4-3291-868D-5B75EED9FA5A}.MinSizeRel|x64.ActiveCfg = MinSizeRel|x64
		{B053DB53-6DF4-3291-868D-5B75EED9FA5A}.RelWithDebInfo|x64.ActiveCfg = RelWithDebInfo|x64
		{A2059288-82B0-3547-80DA-C280221EC042}.Debug|x64.ActiveCfg = Debug|x64
		{A2059288-82B0-3547-80DA-C280221EC042}.Debug|x64.Build.0 = Debug|x64
		{A2059288-82B0-3547-80DA-C280221EC042}.Release|x64.ActiveCfg = Release|x64
		{A2059288-82B0-3547-80DA-C280221EC042}.Release|x64.Build.0 = Release|x64
		{A2059288-82B0-3547-80DA-C280221EC042}.MinSizeRel|x64.ActiveCfg = MinSizeRel|x64
		{A2059288-82B0-3547-80DA-C280221EC042}.MinSizeRel|x64.Build.0 = MinSizeRel|x64
		{A2059288-82B0-3547-80DA-C280221EC042}.RelWithDebInfo|x64.ActiveCfg = RelWithDebInfo|x64
		{A2059288-82B0-3547-80DA-C280221EC042}.RelWithDebInfo|x64.Build.0 = RelWithDebInfo|x64
		{C5BA3D95-D7F8-35B9-A0F1-8831F3262DD3}.Debug|x64.ActiveCfg = Debug|x64
		{C5BA3D95-D7F8-35B9-A0F1-8831F3262DD3}.Debug|x64.Build.0 = Debug|x64
		{C5BA3D95-D7F8-35B9-A0F1-8831F3262DD3}.Release|x64.ActiveCfg = Release|x64
		{C5BA3D95-D7F8-35B9-A0F1-8831F3262DD3}.Release|x64.Build.0 = Release|x64
		{C5BA3D95-D7F8-35B9-A0F1-8831F3262DD3}.MinSizeRel|x64.ActiveCfg = MinSizeRel|x64
		{C5BA3D95-D7F8-35B9-A0F1-8831F3262DD3}.MinSizeRel|x64.Build.0 = MinSizeRel|x64
		{C5BA3D95-D7F8-35B9-A0F1-8831F3262DD3}.RelWithDebInfo|x64.ActiveCfg = RelWithDebInfo|x64
		{C5BA3D95-D7F8-35B9-A0F1-8831F3262DD3}.RelWithDebInfo|x64.Build.0 = RelWithDebInfo|x64
		{94D408F4-C26B-3C55-B3FC-3DD16768129F}.Debug|x64.ActiveCfg = Debug|x64
		{94D408F4-C26B-3C55-B3FC-3DD16768129F}.Debug|x64.Build.0 = Debug|x64
		{94D408F4-C26B-3C55-B3FC-3DD16768129F}.Release|x64.ActiveCfg = Release|x64
		{94D408F4-C26B-3C55-B3FC-3DD16768129F}.Release|x64.Build.0 = Release|x64
		{94D408F4-C26B-3C55-B3FC-3DD16768129F}.MinSizeRel|x64.ActiveCfg = MinSizeRel|x64
		{94D408F4-C26B-3C55-B3FC-3DD16768129F}.MinSizeRel|x64.Build.0 = MinSizeRel|x64
		{94D408F4-C26B-3C55-B3FC-3DD16768129F}.RelWithDebInfo|x64.ActiveCfg = RelWithDebInfo|x64
		{94D408F4-C26B-3C55-B3FC-3DD16768129F}.RelWithDebInfo|x64.Build.0 = RelWithDebInfo|x64
		{8AD6BB7D-7BB0-3F12-B7C7-DE229E53DBDB}.Debug|x64.ActiveCfg = Debug|x64
		{8AD6BB7D-7BB0-3F12-B7C7-DE229E53DBDB}.Debug|x64.Build.0 = Debug|x64
		{8AD6BB7D-7BB0-3F12-B7C7-DE229E53DBDB}.Release|x64.ActiveCfg = Release|x64
		{8AD6BB7D-7BB0-3F12-B7C7-DE229E53DBDB}.Release|x64.Build.0 = Release|x64
		{8AD6BB7D-7BB0-3F12-B7C7-DE229E53DBDB}.MinSizeRel|x64.ActiveCfg = MinSizeRel|x64
		{8AD6BB7D-7BB0-3F12-B7C7-DE229E53DBDB}.MinSizeRel|x64.Build.0 = MinSizeRel|x64
		{8AD6BB7D-7BB0-3F12-B7C7-DE229E53DBDB}.RelWithDebInfo|x64.ActiveCfg = RelWithDebInfo|x64
		{8AD6BB7D-7BB0-3F12-B7C7-DE229E53DBDB}.RelWithDebInfo|x64.Build.0 = RelWithDebInfo|x64
		{FF57D17D-460B-3776-91DC-E8EBC3AF9755}.Debug|x64.ActiveCfg = Debug|x64
		{FF57D17D-460B-3776-91DC-E8EBC3AF9755}.Debug|x64.Build.0 = Debug|x64
		{FF57D17D-460B-3776-91DC-E8EBC3AF9755}.Release|x64.ActiveCfg = Release|x64
		{FF57D17D-460B-3776-91DC-E8EBC3AF9755}.Release|x64.Build.0 = Release|x64
		{FF57D17D-460B-3776-91DC-E8EBC3AF9755}.MinSizeRel|x64.ActiveCfg = MinSizeRel|x64
		{FF57D17D-460B-3776-91DC-E8EBC3AF9755}.MinSizeRel|x64.Build.0 = MinSizeRel|x64
		{FF57D17D-460B-3776-91DC-E8EBC3AF9755}.RelWithDebInfo|x64.ActiveCfg = RelWithDebInfo|x64
		{FF57D17D-460B-3776-91DC-E8EBC3AF9755}.RelWithDebInfo|x64.Build.0 = RelWithDebInfo|x64
		{3B2CC831-31B7-3A4E-AFBC-B9315F476CC4}.Debug|x64.ActiveCfg = Debug|x64
		{3B2CC831-31B7-3A4E-AFBC-B9315F476CC4}.Debug|x64.Build.0 = Debug|x64
		{3B2CC831-31B7-3A4E-AFBC-B9315F476CC4}.Release|x64.ActiveCfg = Release|x64
		{3B2CC831-31B7-3A4E-AFBC-B9315F476CC4}.Release|x64.Build.0 = Release|x64
		{3B2CC831-31B7-3A4E-AFBC-B9315F476CC4}.MinSizeRel|x64.ActiveCfg = MinSizeRel|x64
		{3B2CC831-31B7-3A4E-AFBC-B9315F476CC4}.MinSizeRel|x64.Build.0 = MinSizeRel|x64
		{3B2CC831-31B7-3A4E-AFBC-B9315F476CC4}.RelWithDebInfo|x64.ActiveCfg = RelWithDebInfo|x64
		{3B2CC831-31B7-3A4E-AFBC-B9315F476CC4}.RelWithDebInfo|x64.Build.0 = RelWithDebInfo|x64
		{06481B25-9F53-38A5-8DE0-6DB02973A2EB}.Debug|x64.ActiveCfg = Debug|x64
		{06481B25-9F53-38A5-8DE0-6DB02973A2EB}.Debug|x64.Build.0 = Debug|x64
		{06481B25-9F53-38A5-8DE0-6DB02973A2EB}.Release|x64.ActiveCfg = Release|x64
		{06481B25-9F53-38A5-8DE0-6DB02973A2EB}.Release|x64.Build.0 = Release|x64
		{06481B25-9F53-38A5-8DE0-6DB02973A2EB}.MinSizeRel|x64.ActiveCfg = MinSizeRel|x64
		{06481B25-9F53-38A5-8DE0-6DB02973A2EB}.MinSizeRel|x64.Build.0 = MinSizeRel|x64
		{06481B25-9F53-38A5-8DE0-6DB02973A2EB}.RelWithDebInfo|x64.ActiveCfg = RelWithDebInfo|x64
		{06481B25-9F53-38A5-8DE0-6DB02973A2EB}.RelWithDebInfo|x64.Build.0 = RelWithDebInfo|x64
	EndGlobalSection
	GlobalSection(ExtensibilityGlobals) = postSolution
		SolutionGuid = {3901EE34-BE45-3056-A5F6-47324027DBC6}
	EndGlobalSection
	GlobalSection(ExtensibilityAddIns) = postSolution
	EndGlobalSection
EndGlobal
